dependencies:
  ble_conn_mgr:
    dependencies:
    - name: idf
      version: '>=4.3'
    - name: espressif/cmake_utilities
      version: 0.*
    source:
      path: /Users/scot/Documents/GitHub/esp-iot-solution/components/bluetooth/ble_conn_mgr
      type: local
    version: 0.1.6
  ble_midi:
    dependencies:
    - name: idf
      version: '>=4.3'
    - name: ble_conn_mgr
      override_path: ../../../ble_conn_mgr
      version: ~0.*
    source:
      path: /Users/scot/Documents/GitHub/esp-iot-solution/components/bluetooth/ble_profiles/third_party/ble_midi
      type: local
    version: 0.1.0
  ble_services:
    dependencies: []
    source:
      path: /Users/scot/Documents/GitHub/esp-iot-solution/components/bluetooth/ble_services
      type: local
    version: 1.2.1
  espressif/cmake_utilities:
    component_hash: 351350613ceafba240b761b4ea991e0f231ac7a9f59a9ee901f751bddc0bb18f
    dependencies:
    - name: idf
      require: private
      version: '>=4.1'
    source:
      registry_url: https://components.espressif.com/
      type: service
    version: 0.5.3
  idf:
    source:
      type: idf
    version: 5.5.3
  zorxx/neopixel:
    dependencies: []
    source:
      path: /Users/scot/Documents/GitHub/neopixel
      type: local
    version: 1.0.10
direct_dependencies:
- ble_conn_mgr
- ble_midi
- ble_services
- idf
- zorxx/neopixel
manifest_hash: 1c08013163449701c5b35e71aa97c86967c273a1897f41d7dc698cda6633e26b
target: esp32c3
version: 2.0.0
